
Microsoft Visual Studio Solution File, Format Version 12.00
# Visual Studio Version 17
VisualStudioVersion = 17.4.33122.133
MinimumVisualStudioVersion = 10.0.40219.1
Project("{FAE04EC0-301F-11D3-BF4B-00C04F79EFBC}") = "Calculator", "Calculator\Calculator.csproj", "{35334493-215D-4BD8-8B90-372D51B46729}"
EndProject
Global
	GlobalSection(SolutionConfigurationPlatforms) = preSolution
		Debug|Any CPU = Debug|Any CPU
		Release|Any CPU = Release|Any CPU
	EndGlobalSection
	GlobalSection(ProjectConfigurationPlatforms) = postSolution
		{35334493-215D-4BD8-8B90-372D51B46729}.Debug|Any CPU.ActiveCfg = Debug|Any CPU
		{35334493-215D-4BD8-8B90-372D51B46729}.Debug|Any CPU.Build.0 = Debug|Any CPU
		{35334493-215D-4BD8-8B90-372D51B46729}.Release|Any CPU.ActiveCfg = Release|Any CPU
		{35334493-215D-4BD8-8B90-372D51B46729}.Release|Any CPU.Build.0 = Release|Any CPU
	EndGlobalSection
	GlobalSection(SolutionProperties) = preSolution
		HideSolutionNode = FALSE
	EndGlobalSection
	GlobalSection(ExtensibilityGlobals) = postSolution
		SolutionGuid = {307AE6BA-9510-4851-A4F4-393B5B1A68E9}
	EndGlobalSection
EndGlobal
